
Microsoft Visual Studio Solution File, Format Version 12.00
# Visual Studio 15
VisualStudioVersion = 15.0.27428.2043
MinimumVisualStudioVersion = 10.0.40219.1
Project("{FAE04EC0-301F-11D3-BF4B-00C04F79EFBC}") = "Менеждер заказов", "Менеждер заказов\Менеждер заказов.csproj", "{695EE8A7-1247-4467-BFE5-FB977AF47F81}"
EndProject
Global
	GlobalSection(SolutionConfigurationPlatforms) = preSolution
		Debug|Any CPU = Debug|Any CPU
		Release|Any CPU = Release|Any CPU
	EndGlobalSection
	GlobalSection(ProjectConfigurationPlatforms) = postSolution
		{695EE8A7-1247-4467-BFE5-FB977AF47F81}.Debug|Any CPU.ActiveCfg = Debug|Any CPU
		{695EE8A7-1247-4467-BFE5-FB977AF47F81}.Debug|Any CPU.Build.0 = Debug|Any CPU
		{695EE8A7-1247-4467-BFE5-FB977AF47F81}.Release|Any CPU.ActiveCfg = Release|Any CPU
		{695EE8A7-1247-4467-BFE5-FB977AF47F81}.Release|Any CPU.Build.0 = Release|Any CPU
	EndGlobalSection
	GlobalSection(SolutionProperties) = preSolution
		HideSolutionNode = FALSE
	EndGlobalSection
	GlobalSection(ExtensibilityGlobals) = postSolution
		SolutionGuid = {416C38DD-5ED0-4869-9179-6C63C494CD12}
	EndGlobalSection
EndGlobal
